
Microsoft Visual Studio Solution File, Format Version 12.00
# Visual Studio Version 17
VisualStudioVersion = 17.0.31903.59
MinimumVisualStudioVersion = 10.0.40219.1
Project("{2150E333-8FDC-42A3-9474-1A3956D46DE8}") = "Solution Items", "Solution Items", "{DB178B12-391B-4C8A-9FAB-44849BE115DE}"
	ProjectSection(SolutionItems) = preProject
		.editorconfig = .editorconfig
		.gitignore = .gitignore
	EndProjectSection
EndProject
Project("{9A19103F-16F7-4668-BE54-9A1E7A4F7556}") = "Singleton", "Singleton\Singleton.csproj", "{12254E43-BA97-4A37-BD31-098F0ECEE49E}"
EndProject
Project("{9A19103F-16F7-4668-BE54-9A1E7A4F7556}") = "Template", "Template\Template.csproj", "{16963180-5341-40EE-8881-281C500E3805}"
EndProject
Project("{FAE04EC0-301F-11D3-BF4B-00C04F79EFBC}") = "Observer", "Observer\Observer.csproj", "{9D8CBA69-1639-42E3-ABE5-FFE0064073DB}"
EndProject
Project("{FAE04EC0-301F-11D3-BF4B-00C04F79EFBC}") = "Strategy", "Strategy\Strategy.csproj", "{4F68AAAE-96C5-4B52-8C6A-E091CE4EF391}"
EndProject
Global
	GlobalSection(SolutionConfigurationPlatforms) = preSolution
		Debug|Any CPU = Debug|Any CPU
		Release|Any CPU = Release|Any CPU
	EndGlobalSection
	GlobalSection(ProjectConfigurationPlatforms) = postSolution
		{12254E43-BA97-4A37-BD31-098F0ECEE49E}.Debug|Any CPU.ActiveCfg = Debug|Any CPU
		{12254E43-BA97-4A37-BD31-098F0ECEE49E}.Debug|Any CPU.Build.0 = Debug|Any CPU
		{12254E43-BA97-4A37-BD31-098F0ECEE49E}.Release|Any CPU.ActiveCfg = Release|Any CPU
		{12254E43-BA97-4A37-BD31-098F0ECEE49E}.Release|Any CPU.Build.0 = Release|Any CPU
		{16963180-5341-40EE-8881-281C500E3805}.Debug|Any CPU.ActiveCfg = Debug|Any CPU
		{16963180-5341-40EE-8881-281C500E3805}.Debug|Any CPU.Build.0 = Debug|Any CPU
		{16963180-5341-40EE-8881-281C500E3805}.Release|Any CPU.ActiveCfg = Release|Any CPU
		{16963180-5341-40EE-8881-281C500E3805}.Release|Any CPU.Build.0 = Release|Any CPU
		{9D8CBA69-1639-42E3-ABE5-FFE0064073DB}.Debug|Any CPU.ActiveCfg = Debug|Any CPU
		{9D8CBA69-1639-42E3-ABE5-FFE0064073DB}.Debug|Any CPU.Build.0 = Debug|Any CPU
		{9D8CBA69-1639-42E3-ABE5-FFE0064073DB}.Release|Any CPU.ActiveCfg = Release|Any CPU
		{9D8CBA69-1639-42E3-ABE5-FFE0064073DB}.Release|Any CPU.Build.0 = Release|Any CPU
		{4F68AAAE-96C5-4B52-8C6A-E091CE4EF391}.Debug|Any CPU.ActiveCfg = Debug|Any CPU
		{4F68AAAE-96C5-4B52-8C6A-E091CE4EF391}.Debug|Any CPU.Build.0 = Debug|Any CPU
		{4F68AAAE-96C5-4B52-8C6A-E091CE4EF391}.Release|Any CPU.ActiveCfg = Release|Any CPU
		{4F68AAAE-96C5-4B52-8C6A-E091CE4EF391}.Release|Any CPU.Build.0 = Release|Any CPU
	EndGlobalSection
	GlobalSection(SolutionProperties) = preSolution
		HideSolutionNode = FALSE
	EndGlobalSection
	GlobalSection(ExtensibilityGlobals) = postSolution
		SolutionGuid = {38582633-5C69-48E5-A5D7-CE8661883C24}
	EndGlobalSection
EndGlobal
